// !$*UTF8*$!
{
	archiveVersion = 1;
	classes = {
	};
	objectVersion = 50;
	objects = {

/* Begin PBXBuildFile section */
		14AC2959225E00790025AFC8 /* AppDelegate.swift in Sources */ = {isa = PBXBuildFile; fileRef = 14AC2958225E00790025AFC8 /* AppDelegate.swift */; };
		14AC295B225E00790025AFC8 /* ViewController.swift in Sources */ = {isa = PBXBuildFile; fileRef = 14AC295A225E00790025AFC8 /* ViewController.swift */; };
		14AC295E225E00790025AFC8 /* Main.storyboard in Resources */ = {isa = PBXBuildFile; fileRef = 14AC295C225E00790025AFC8 /* Main.storyboard */; };
		14AC2960225E007B0025AFC8 /* Assets.xcassets in Resources */ = {isa = PBXBuildFile; fileRef = 14AC295F225E007B0025AFC8 /* Assets.xcassets */; };
		14AC2963225E007B0025AFC8 /* LaunchScreen.storyboard in Resources */ = {isa = PBXBuildFile; fileRef = 14AC2961225E007B0025AFC8 /* LaunchScreen.storyboard */; };
		14AC296E225E008E0025AFC8 /* word_blank.png in Resources */ = {isa = PBXBuildFile; fileRef = 14AC296B225E008E0025AFC8 /* word_blank.png */; };
		14AC296F225E008E0025AFC8 /* fin.png in Resources */ = {isa = PBXBuildFile; fileRef = 14AC296C225E008E0025AFC8 /* fin.png */; };
		14AC2970225E008E0025AFC8 /* title_logo.png in Resources */ = {isa = PBXBuildFile; fileRef = 14AC296D225E008E0025AFC8 /* title_logo.png */; };
		14AC2972225E0CBE0025AFC8 /* QuestionViewController.swift in Sources */ = {isa = PBXBuildFile; fileRef = 14AC2971225E0CBE0025AFC8 /* QuestionViewController.swift */; };
		14AC2974225E0D810025AFC8 /* FinishViewController.swift in Sources */ = {isa = PBXBuildFile; fileRef = 14AC2973225E0D810025AFC8 /* FinishViewController.swift */; };
		14AC2976225E0DB60025AFC8 /* ListTableViewController.swift in Sources */ = {isa = PBXBuildFile; fileRef = 14AC2975225E0DB60025AFC8 /* ListTableViewController.swift */; };
		14AC2978225E0DE60025AFC8 /* AddViewController.swift in Sources */ = {isa = PBXBuildFile; fileRef = 14AC2977225E0DE60025AFC8 /* AddViewController.swift */; };
		14AC297B22603F270025AFC8 /* ListTableViewCell.swift in Sources */ = {isa = PBXBuildFile; fileRef = 14AC297922603F270025AFC8 /* ListTableViewCell.swift */; };
		14AC297C22603F270025AFC8 /* ListTableViewCell.xib in Resources */ = {isa = PBXBuildFile; fileRef = 14AC297A22603F270025AFC8 /* ListTableViewCell.xib */; };
/* End PBXBuildFile section */

/* Begin PBXFileReference section */
		14AC2955225E00790025AFC8 /* WordList.app */ = {isa = PBXFileReference; explicitFileType = wrapper.application; includeInIndex = 0; path = WordList.app; sourceTree = BUILT_PRODUCTS_DIR; };
		14AC2958225E00790025AFC8 /* AppDelegate.swift */ = {isa = PBXFileReference; lastKnownFileType = sourcecode.swift; path = AppDelegate.swift; sourceTree = "<group>"; };
		14AC295A225E00790025AFC8 /* ViewController.swift */ = {isa = PBXFileReference; lastKnownFileType = sourcecode.swift; path = ViewController.swift; sourceTree = "<group>"; };
		14AC295D225E00790025AFC8 /* Base */ = {isa = PBXFileReference; lastKnownFileType = file.storyboard; name = Base; path = Base.lproj/Main.storyboard; sourceTree = "<group>"; };
		14AC295F225E007B0025AFC8 /* Assets.xcassets */ = {isa = PBXFileReference; lastKnownFileType = folder.assetcatalog; path = Assets.xcassets; sourceTree = "<group>"; };
		14AC2962225E007B0025AFC8 /* Base */ = {isa = PBXFileReference; lastKnownFileType = file.storyboard; name = Base; path = Base.lproj/LaunchScreen.storyboard; sourceTree = "<group>"; };
		14AC2964225E007B0025AFC8 /* Info.plist */ = {isa = PBXFileReference; lastKnownFileType = text.plist.xml; path = Info.plist; sourceTree = "<group>"; };
		14AC296B225E008E0025AFC8 /* word_blank.png */ = {isa = PBXFileReference; lastKnownFileType = image.png; path = word_blank.png; sourceTree = "<group>"; };
		14AC296C225E008E0025AFC8 /* fin.png */ = {isa = PBXFileReference; lastKnownFileType = image.png; path = fin.png; sourceTree = "<group>"; };
		14AC296D225E008E0025AFC8 /* title_logo.png */ = {isa = PBXFileReference; lastKnownFileType = image.png; path = title_logo.png; sourceTree = "<group>"; };
		14AC2971225E0CBE0025AFC8 /* QuestionViewController.swift */ = {isa = PBXFileReference; lastKnownFileType = sourcecode.swift; path = QuestionViewController.swift; sourceTree = "<group>"; };
		14AC2973225E0D810025AFC8 /* FinishViewController.swift */ = {isa = PBXFileReference; lastKnownFileType = sourcecode.swift; path = FinishViewController.swift; sourceTree = "<group>"; };
		14AC2975225E0DB60025AFC8 /* ListTableViewController.swift */ = {isa = PBXFileReference; lastKnownFileType = sourcecode.swift; path = ListTableViewController.swift; sourceTree = "<group>"; };
		14AC2977225E0DE60025AFC8 /* AddViewController.swift */ = {isa = PBXFileReference; lastKnownFileType = sourcecode.swift; path = AddViewController.swift; sourceTree = "<group>"; };
		14AC297922603F270025AFC8 /* ListTableViewCell.swift */ = {isa = PBXFileReference; lastKnownFileType = sourcecode.swift; path = ListTableViewCell.swift; sourceTree = "<group>"; };
		14AC297A22603F270025AFC8 /* ListTableViewCell.xib */ = {isa = PBXFileReference; lastKnownFileType = file.xib; path = ListTableViewCell.xib; sourceTree = "<group>"; };
/* End PBXFileReference section */

/* Begin PBXFrameworksBuildPhase section */
		14AC2952225E00790025AFC8 /* Frameworks */ = {
			isa = PBXFrameworksBuildPhase;
			buildActionMask = 2147483647;
			files = (
			);
			runOnlyForDeploymentPostprocessing = 0;
		};
/* End PBXFrameworksBuildPhase section */

/* Begin PBXGroup section */
		14AC294C225E00790025AFC8 = {
			isa = PBXGroup;
			children = (
				14AC2957225E00790025AFC8 /* WordList */,
				14AC2956225E00790025AFC8 /* Products */,
			);
			sourceTree = "<group>";
		};
		14AC2956225E00790025AFC8 /* Products */ = {
			isa = PBXGroup;
			children = (
				14AC2955225E00790025AFC8 /* WordList.app */,
			);
			name = Products;
			sourceTree = "<group>";
		};
		14AC2957225E00790025AFC8 /* WordList */ = {
			isa = PBXGroup;
			children = (
				14AC2958225E00790025AFC8 /* AppDelegate.swift */,
				14AC295A225E00790025AFC8 /* ViewController.swift */,
				14AC295C225E00790025AFC8 /* Main.storyboard */,
				14AC2973225E0D810025AFC8 /* FinishViewController.swift */,
				14AC2975225E0DB60025AFC8 /* ListTableViewController.swift */,
				14AC2977225E0DE60025AFC8 /* AddViewController.swift */,
				14AC296A225E008E0025AFC8 /* WordList素材 */,
				14AC295F225E007B0025AFC8 /* Assets.xcassets */,
				14AC2961225E007B0025AFC8 /* LaunchScreen.storyboard */,
				14AC2964225E007B0025AFC8 /* Info.plist */,
				14AC2971225E0CBE0025AFC8 /* QuestionViewController.swift */,
				14AC297922603F270025AFC8 /* ListTableViewCell.swift */,
				14AC297A22603F270025AFC8 /* ListTableViewCell.xib */,
			);
			path = WordList;
			sourceTree = "<group>";
		};
		14AC296A225E008E0025AFC8 /* WordList素材 */ = {
			isa = PBXGroup;
			children = (
				14AC296B225E008E0025AFC8 /* word_blank.png */,
				14AC296C225E008E0025AFC8 /* fin.png */,
				14AC296D225E008E0025AFC8 /* title_logo.png */,
			);
			path = "WordList素材";
			sourceTree = "<group>";
		};
/* End PBXGroup section */

/* Begin PBXNativeTarget section */
		14AC2954225E00790025AFC8 /* WordList */ = {
			isa = PBXNativeTarget;
			buildConfigurationList = 14AC2967225E007B0025AFC8 /* Build configuration list for PBXNativeTarget "WordList" */;
			buildPhases = (
				14AC2951225E00790025AFC8 /* Sources */,
				14AC2952225E00790025AFC8 /* Frameworks */,
				14AC2953225E00790025AFC8 /* Resources */,
			);
			buildRules = (
			);
			dependencies = (
			);
			name = WordList;
			productName = WordList;
			productReference = 14AC2955225E00790025AFC8 /* WordList.app */;
			productType = "com.apple.product-type.application";
		};
/* End PBXNativeTarget section */

/* Begin PBXProject section */
		14AC294D225E00790025AFC8 /* Project object */ = {
			isa = PBXProject;
			attributes = {
				LastSwiftUpdateCheck = 1020;
				LastUpgradeCheck = 1020;
				ORGANIZATIONNAME = YoshitsuguKambara;
				TargetAttributes = {
					14AC2954225E00790025AFC8 = {
						CreatedOnToolsVersion = 10.2;
					};
				};
			};
			buildConfigurationList = 14AC2950225E00790025AFC8 /* Build configuration list for PBXProject "WordList" */;
			compatibilityVersion = "Xcode 9.3";
			developmentRegion = en;
			hasScannedForEncodings = 0;
			knownRegions = (
				en,
				Base,
			);
			mainGroup = 14AC294C225E00790025AFC8;
			productRefGroup = 14AC2956225E00790025AFC8 /* Products */;
			projectDirPath = "";
			projectRoot = "";
			targets = (
				14AC2954225E00790025AFC8 /* WordList */,
			);
		};
/* End PBXProject section */

/* Begin PBXResourcesBuildPhase section */
		14AC2953225E00790025AFC8 /* Resources */ = {
			isa = PBXResourcesBuildPhase;
			buildActionMask = 2147483647;
			files = (
				14AC296E225E008E0025AFC8 /* word_blank.png in Resources */,
				14AC2970225E008E0025AFC8 /* title_logo.png in Resources */,
				14AC2963225E007B0025AFC8 /* LaunchScreen.storyboard in Resources */,
				14AC2960225E007B0025AFC8 /* Assets.xcassets in Resources */,
				14AC296F225E008E0025AFC8 /* fin.png in Resources */,
				14AC295E225E00790025AFC8 /* Main.storyboard in Resources */,
				14AC297C22603F270025AFC8 /* ListTableViewCell.xib in Resources */,
			);
			runOnlyForDeploymentPostprocessing = 0;
		};
/* End PBXResourcesBuildPhase section */

/* Begin PBXSourcesBuildPhase section */
		14AC2951225E00790025AFC8 /* Sources */ = {
			isa = PBXSourcesBuildPhase;
			buildActionMask = 2147483647;
			files = (
				14AC297B22603F270025AFC8 /* ListTableViewCell.swift in Sources */,
				14AC295B225E00790025AFC8 /* ViewController.swift in Sources */,
				14AC2974225E0D810025AFC8 /* FinishViewController.swift in Sources */,
				14AC2978225E0DE60025AFC8 /* AddViewController.swift in Sources */,
				14AC2959225E00790025AFC8 /* AppDelegate.swift in Sources */,
				14AC2972225E0CBE0025AFC8 /* QuestionViewController.swift in Sources */,
				14AC2976225E0DB60025AFC8 /* ListTableViewController.swift in Sources */,
			);
			runOnlyForDeploymentPostprocessing = 0;
		};
/* End PBXSourcesBuildPhase section */

/* Begin PBXVariantGroup section */
		14AC295C225E00790025AFC8 /* Main.storyboard */ = {
			isa = PBXVariantGroup;
			children = (
				14AC295D225E00790025AFC8 /* Base */,
			);
			name = Main.storyboard;
			sourceTree = "<group>";
		};
		14AC2961225E007B0025AFC8 /* LaunchScreen.storyboard */ = {
			isa = PBXVariantGroup;
			children = (
				14AC2962225E007B0025AFC8 /* Base */,
			);
			name = LaunchScreen.storyboard;
			sourceTree = "<group>";
		};
/* End PBXVariantGroup section */

/* Begin XCBuildConfiguration section */
		14AC2965225E007B0025AFC8 /* Debug */ = {
			isa = XCBuildConfiguration;
			buildSettings = {
				ALWAYS_SEARCH_USER_PATHS = NO;
				CLANG_ANALYZER_NONNULL = YES;
				CLANG_ANALYZER_NUMBER_OBJECT_CONVERSION = YES_AGGRESSIVE;
				CLANG_CXX_LANGUAGE_STANDARD = "gnu++14";
				CLANG_CXX_LIBRARY = "libc++";
				CLANG_ENABLE_MODULES = YES;
				CLANG_ENABLE_OBJC_ARC = YES;
				CLANG_ENABLE_OBJC_WEAK = YES;
				CLANG_WARN_BLOCK_CAPTURE_AUTORELEASING = YES;
				CLANG_WARN_BOOL_CONVERSION = YES;
				CLANG_WARN_COMMA = YES;
				CLANG_WARN_CONSTANT_CONVERSION = YES;
				CLANG_WARN_DEPRECATED_OBJC_IMPLEMENTATIONS = YES;
				CLANG_WARN_DIRECT_OBJC_ISA_USAGE = YES_ERROR;
				CLANG_WARN_DOCUMENTATION_COMMENTS = YES;
				CLANG_WARN_EMPTY_BODY = YES;
				CLANG_WARN_ENUM_CONVERSION = YES;
				CLANG_WARN_INFINITE_RECURSION = YES;
				CLANG_WARN_INT_CONVERSION = YES;
				CLANG_WARN_NON_LITERAL_NULL_CONVERSION = YES;
				CLANG_WARN_OBJC_IMPLICIT_RETAIN_SELF = YES;
				CLANG_WARN_OBJC_LITERAL_CONVERSION = YES;
				CLANG_WARN_OBJC_ROOT_CLASS = YES_ERROR;
				CLANG_WARN_RANGE_LOOP_ANALYSIS = YES;
				CLANG_WARN_STRICT_PROTOTYPES = YES;
				CLANG_WARN_SUSPICIOUS_MOVE = YES;
				CLANG_WARN_UNGUARDED_AVAILABILITY = YES_AGGRESSIVE;
				CLANG_WARN_UNREACHABLE_CODE = YES;
				CLANG_WARN__DUPLICATE_METHOD_MATCH = YES;
				CODE_SIGN_IDENTITY = "iPhone Developer";
				COPY_PHASE_STRIP = NO;
				DEBUG_INFORMATION_FORMAT = dwarf;
				ENABLE_STRICT_OBJC_MSGSEND = YES;
				ENABLE_TESTABILITY = YES;
				GCC_C_LANGUAGE_STANDARD = gnu11;
				GCC_DYNAMIC_NO_PIC = NO;
				GCC_NO_COMMON_BLOCKS = YES;
				GCC_OPTIMIZATION_LEVEL = 0;
				GCC_PREPROCESSOR_DEFINITIONS = (
					"DEBUG=1",
					"$(inherited)",
				);
				GCC_WARN_64_TO_32_BIT_CONVERSION = YES;
				GCC_WARN_ABOUT_RETURN_TYPE = YES_ERROR;
				GCC_WARN_UNDECLARED_SELECTOR = YES;
				GCC_WARN_UNINITIALIZED_AUTOS = YES_AGGRESSIVE;
				GCC_WARN_UNUSED_FUNCTION = YES;
				GCC_WARN_UNUSED_VARIABLE = YES;
				IPHONEOS_DEPLOYMENT_TARGET = 12.2;
				MTL_ENABLE_DEBUG_INFO = INCLUDE_SOURCE;
				MTL_FAST_MATH = YES;
				ONLY_ACTIVE_ARCH = YES;
				SDKROOT = iphoneos;
				SWIFT_ACTIVE_COMPILATION_CONDITIONS = DEBUG;
				SWIFT_OPTIMIZATION_LEVEL = "-Onone";
			};
			name = Debug;
		};
		14AC2966225E007B0025AFC8 /* Release */ = {
			isa = XCBuildConfiguration;
			buildSettings = {
				ALWAYS_SEARCH_USER_PATHS = NO;
				CLANG_ANALYZER_NONNULL = YES;
				CLANG_ANALYZER_NUMBER_OBJECT_CONVERSION = YES_AGGRESSIVE;
				CLANG_CXX_LANGUAGE_STANDARD = "gnu++14";
				CLANG_CXX_LIBRARY = "libc++";
				CLANG_ENABLE_MODULES = YES;
				CLANG_ENABLE_OBJC_ARC = YES;
				CLANG_ENABLE_OBJC_WEAK = YES;
				CLANG_WARN_BLOCK_CAPTURE_AUTORELEASING = YES;
				CLANG_WARN_BOOL_CONVERSION = YES;
				CLANG_WARN_COMMA = YES;
				CLANG_WARN_CONSTANT_CONVERSION = YES;
				CLANG_WARN_DEPRECATED_OBJC_IMPLEMENTATIONS = YES;
				CLANG_WARN_DIRECT_OBJC_ISA_USAGE = YES_ERROR;
				CLANG_WARN_DOCUMENTATION_COMMENTS = YES;
				CLANG_WARN_EMPTY_BODY = YES;
				CLANG_WARN_ENUM_CONVERSION = YES;
				CLANG_WARN_INFINITE_RECURSION = YES;
				CLANG_WARN_INT_CONVERSION = YES;
				CLANG_WARN_NON_LITERAL_NULL_CONVERSION = YES;
				CLANG_WARN_OBJC_IMPLICIT_RETAIN_SELF = YES;
				CLANG_WARN_OBJC_LITERAL_CONVERSION = YES;
				CLANG_WARN_OBJC_ROOT_CLASS = YES_ERROR;
				CLANG_WARN_RANGE_LOOP_ANALYSIS = YES;
				CLANG_WARN_STRICT_PROTOTYPES = YES;
				CLANG_WARN_SUSPICIOUS_MOVE = YES;
				CLANG_WARN_UNGUARDED_AVAILABILITY = YES_AGGRESSIVE;
				CLANG_WARN_UNREACHABLE_CODE = YES;
				CLANG_WARN__DUPLICATE_METHOD_MATCH = YES;
				CODE_SIGN_IDENTITY = "iPhone Developer";
				COPY_PHASE_STRIP = NO;
				DEBUG_INFORMATION_FORMAT = "dwarf-with-dsym";
				ENABLE_NS_ASSERTIONS = NO;
				ENABLE_STRICT_OBJC_MSGSEND = YES;
				GCC_C_LANGUAGE_STANDARD = gnu11;
				GCC_NO_COMMON_BLOCKS = YES;
				GCC_WARN_64_TO_32_BIT_CONVERSION = YES;
				GCC_WARN_ABOUT_RETURN_TYPE = YES_ERROR;
				GCC_WARN_UNDECLARED_SELECTOR = YES;
				GCC_WARN_UNINITIALIZED_AUTOS = YES_AGGRESSIVE;
				GCC_WARN_UNUSED_FUNCTION = YES;
				GCC_WARN_UNUSED_VARIABLE = YES;
				IPHONEOS_DEPLOYMENT_TARGET = 12.2;
				MTL_ENABLE_DEBUG_INFO = NO;
				MTL_FAST_MATH = YES;
				SDKROOT = iphoneos;
				SWIFT_COMPILATION_MODE = wholemodule;
				SWIFT_OPTIMIZATION_LEVEL = "-O";
				VALIDATE_PRODUCT = YES;
			};
			name = Release;
		};
		14AC2968225E007B0025AFC8 /* Debug */ = {
			isa = XCBuildConfiguration;
			buildSettings = {
				ASSETCATALOG_COMPILER_APPICON_NAME = AppIcon;
				CODE_SIGN_STYLE = Automatic;
				DEVELOPMENT_TEAM = WD8VB9S8R7;
				INFOPLIST_FILE = WordList/Info.plist;
				LD_RUNPATH_SEARCH_PATHS = (
					"$(inherited)",
					"@executable_path/Frameworks",
				);
				PRODUCT_BUNDLE_IDENTIFIER = com.example.someone.WordList;
				PRODUCT_NAME = "$(TARGET_NAME)";
				SWIFT_VERSION = 5.0;
				TARGETED_DEVICE_FAMILY = "1,2";
			};
			name = Debug;
		};
		14AC2969225E007B0025AFC8 /* Release */ = {
			isa = XCBuildConfiguration;
			buildSettings = {
				ASSETCATALOG_COMPILER_APPICON_NAME = AppIcon;
				CODE_SIGN_STYLE = Automatic;
				DEVELOPMENT_TEAM = WD8VB9S8R7;
				INFOPLIST_FILE = WordList/Info.plist;
				LD_RUNPATH_SEARCH_PATHS = (
					"$(inherited)",
					"@executable_path/Frameworks",
				);
				PRODUCT_BUNDLE_IDENTIFIER = com.example.someone.WordList;
				PRODUCT_NAME = "$(TARGET_NAME)";
				SWIFT_VERSION = 5.0;
				TARGETED_DEVICE_FAMILY = "1,2";
			};
			name = Release;
		};
/* End XCBuildConfiguration section */

/* Begin XCConfigurationList section */
		14AC2950225E00790025AFC8 /* Build configuration list for PBXProject "WordList" */ = {
			isa = XCConfigurationList;
			buildConfigurations = (
				14AC2965225E007B0025AFC8 /* Debug */,
				14AC2966225E007B0025AFC8 /* Release */,
			);
			defaultConfigurationIsVisible = 0;
			defaultConfigurationName = Release;
		};
		14AC2967225E007B0025AFC8 /* Build configuration list for PBXNativeTarget "WordList" */ = {
			isa = XCConfigurationList;
			buildConfigurations = (
				14AC2968225E007B0025AFC8 /* Debug */,
				14AC2969225E007B0025AFC8 /* Release */,
			);
			defaultConfigurationIsVisible = 0;
			defaultConfigurationName = Release;
		};
/* End XCConfigurationList section */
	};
	rootObject = 14AC294D225E00790025AFC8 /* Project object */;
}
